version = 1
revision = 3
requires-python = ">=3.13"

[[package]]
name = "colorama"
version = "0.4.6"
source = { registry = "https://pypi.org/simple" }
sdist = { url = "https://files.pythonhosted.org/packages/d8/53/6f443c9a4a8358a93a6792e2acffb9d9d5cb0a5cfd8802644b7b1c9a02e4/colorama-0.4.6.tar.gz", hash = "sha256:08695f5cb7ed6e0531a20572697297273c47b8cae5a63ffc6d6ed5c201be6e44", size = 27697, upload-time = "2022-10-25T02:36:22.414Z" }
wheels = [
    { url = "https://files.pythonhosted.org/packages/d1/d6/3965ed04c63042e047cb6a3e6ed1a63a35087b6a609aa3a15ed8ac56c221/colorama-0.4.6-py2.py3-none-any.whl", hash = "sha256:4f1d9991f5acc0ca119f9d443620b77f9d6b33703e51011c16baf57afb285fc6", size = 25335, upload-time = "2022-10-25T02:36:20.889Z" },
]

[[package]]
name = "coverage"
version = "7.13.0"
source = { registry = "https://pypi.org/simple" }
sdist = { url = "https://files.pythonhosted.org/packages/b6/45/2c665ca77ec32ad67e25c77daf1cee28ee4558f3bc571cdbaf88a00b9f23/coverage-7.13.0.tar.gz", hash = "sha256:a394aa27f2d7ff9bc04cf703817773a59ad6dfbd577032e690f961d2460ee936", size = 820905, upload-time = "2025-12-08T13:14:38.055Z" }
wheels = [
    { url = "https://files.pythonhosted.org/packages/7c/cc/bce226595eb3bf7d13ccffe154c3c487a22222d87ff018525ab4dd2e9542/coverage-7.13.0-cp313-cp313-macosx_10_13_x86_64.whl", hash = "sha256:28ee1c96109974af104028a8ef57cec21447d42d0e937c0275329272e370ebcf", size = 218297, upload-time = "2025-12-08T13:13:10.977Z" },
    { url = "https://files.pythonhosted.org/packages/3b/9f/73c4d34600aae03447dff3d7ad1d0ac649856bfb87d1ca7d681cfc913f9e/coverage-7.13.0-cp313-cp313-macosx_11_0_arm64.whl", hash = "sha256:d1e97353dcc5587b85986cda4ff3ec98081d7e84dd95e8b2a6d59820f0545f8a", size = 218673, upload-time = "2025-12-08T13:13:12.562Z" },
    { url = "https://files.pythonhosted.org/packages/63/ab/8fa097db361a1e8586535ae5073559e6229596b3489ec3ef2f5b38df8cb2/coverage-7.13.0-cp313-cp313-manylinux1_i686.manylinux_2_28_i686.manylinux_2_5_i686.whl", hash = "sha256:99acd4dfdfeb58e1937629eb1ab6ab0899b131f183ee5f23e0b5da5cba2fec74", size = 249652, upload-time = "2025-12-08T13:13:13.909Z" },
    { url = "https://files.pythonhosted.org/packages/90/3a/9bfd4de2ff191feb37ef9465855ca56a6f2f30a3bca172e474130731ac3d/coverage-7.13.0-cp313-cp313-manylinux1_x86_64.manylinux_2_28_x86_64.manylinux_2_5_x86_64.whl", hash = "sha256:ff45e0cd8451e293b63ced93161e189780baf444119391b3e7d25315060368a6", size = 252251, upload-time = "2025-12-08T13:13:15.553Z" },
    { url = "https://files.pythonhosted.org/packages/df/61/b5d8105f016e1b5874af0d7c67542da780ccd4a5f2244a433d3e20ceb1ad/coverage-7.13.0-cp313-cp313-manylinux2014_aarch64.manylinux_2_17_aarch64.manylinux_2_28_aarch64.whl", hash = "sha256:f4f72a85316d8e13234cafe0a9f81b40418ad7a082792fa4165bd7d45d96066b", size = 253492, upload-time = "2025-12-08T13:13:16.849Z" },
    { url = "https://files.pythonhosted.org/packages/f3/b8/0fad449981803cc47a4694768b99823fb23632150743f9c83af329bb6090/coverage-7.13.0-cp313-cp313-manylinux_2_31_riscv64.manylinux_2_39_riscv64.whl", hash = "sha256:11c21557d0e0a5a38632cbbaca5f008723b26a89d70db6315523df6df77d6232", size = 249850, upload-time = "2025-12-08T13:13:18.142Z" },
    { url = "https://files.pythonhosted.org/packages/9a/e9/8d68337c3125014d918cf4327d5257553a710a2995a6a6de2ac77e5aa429/coverage-7.13.0-cp313-cp313-musllinux_1_2_aarch64.whl", hash = "sha256:76541dc8d53715fb4f7a3a06b34b0dc6846e3c69bc6204c55653a85dd6220971", size = 251633, upload-time = "2025-12-08T13:13:19.56Z" },
    { url = "https://files.pythonhosted.org/packages/55/14/d4112ab26b3a1bc4b3c1295d8452dcf399ed25be4cf649002fb3e64b2d93/coverage-7.13.0-cp313-cp313-musllinux_1_2_i686.whl", hash = "sha256:6e9e451dee940a86789134b6b0ffbe31c454ade3b849bb8a9d2cca2541a8e91d", size = 249586, upload-time = "2025-12-08T13:13:20.883Z" },
    { url = "https://files.pythonhosted.org/packages/2c/a9/22b0000186db663b0d82f86c2f1028099ae9ac202491685051e2a11a5218/coverage-7.13.0-cp313-cp313-musllinux_1_2_riscv64.whl", hash = "sha256:5c67dace46f361125e6b9cace8fe0b729ed8479f47e70c89b838d319375c8137", size = 249412, upload-time = "2025-12-08T13:13:22.22Z" },
    { url = "https://files.pythonhosted.org/packages/a1/2e/42d8e0d9e7527fba439acdc6ed24a2b97613b1dc85849b1dd935c2cffef0/coverage-7.13.0-cp313-cp313-musllinux_1_2_x86_64.whl", hash = "sha256:f59883c643cb19630500f57016f76cfdcd6845ca8c5b5ea1f6e17f74c8e5f511", size = 251191, upload-time = "2025-12-08T13:13:23.899Z" },
    { url = "https://files.pythonhosted.org/packages/a4/af/8c7af92b1377fd8860536aadd58745119252aaaa71a5213e5a8e8007a9f5/coverage-7.13.0-cp313-cp313-win32.whl", hash = "sha256:58632b187be6f0be500f553be41e277712baa278147ecb7559983c6d9faf7ae1", size = 220829, upload-time = "2025-12-08T13:13:25.182Z" },
    { url = "https://files.pythonhosted.org/packages/58/f9/725e8bf16f343d33cbe076c75dc8370262e194ff10072c0608b8e5cf33a3/coverage-7.13.0-cp313-cp313-win_amd64.whl", hash = "sha256:73419b89f812f498aca53f757dd834919b48ce4799f9d5cad33ca0ae442bdb1a", size = 221640, upload-time = "2025-12-08T13:13:26.836Z" },
    { url = "https://files.pythonhosted.org/packages/8a/ff/e98311000aa6933cc79274e2b6b94a2fe0fe3434fca778eba82003675496/coverage-7.13.0-cp313-cp313-win_arm64.whl", hash = "sha256:eb76670874fdd6091eedcc856128ee48c41a9bbbb9c3f1c7c3cf169290e3ffd6", size = 220269, upload-time = "2025-12-08T13:13:28.116Z" },
    { url = "https://files.pythonhosted.org/packages/cf/cf/bbaa2e1275b300343ea865f7d424cc0a2e2a1df6925a070b2b2d5d765330/coverage-7.13.0-cp313-cp313t-macosx_10_13_x86_64.whl", hash = "sha256:6e63ccc6e0ad8986386461c3c4b737540f20426e7ec932f42e030320896c311a", size = 218990, upload-time = "2025-12-08T13:13:29.463Z" },
    { url = "https://files.pythonhosted.org/packages/21/1d/82f0b3323b3d149d7672e7744c116e9c170f4957e0c42572f0366dbb4477/coverage-7.13.0-cp313-cp313t-macosx_11_0_arm64.whl", hash = "sha256:494f5459ffa1bd45e18558cd98710c36c0b8fbfa82a5eabcbe671d80ecffbfe8", size = 219340, upload-time = "2025-12-08T13:13:31.524Z" },
    { url = "https://files.pythonhosted.org/packages/fb/e3/fe3fd4702a3832a255f4d43013eacb0ef5fc155a5960ea9269d8696db28b/coverage-7.13.0-cp313-cp313t-manylinux1_i686.manylinux_2_28_i686.manylinux_2_5_i686.whl", hash = "sha256:06cac81bf10f74034e055e903f5f946e3e26fc51c09fc9f584e4a1605d977053", size = 260638, upload-time = "2025-12-08T13:13:32.965Z" },
    { url = "https://files.pythonhosted.org/packages/ad/01/63186cb000307f2b4da463f72af9b85d380236965574c78e7e27680a2593/coverage-7.13.0-cp313-cp313t-manylinux1_x86_64.manylinux_2_28_x86_64.manylinux_2_5_x86_64.whl", hash = "sha256:f2ffc92b46ed6e6760f1d47a71e56b5664781bc68986dbd1836b2b70c0ce2071", size = 262705, upload-time = "2025-12-08T13:13:34.378Z" },
    { url = "https://files.pythonhosted.org/packages/7c/a1/c0dacef0cc865f2455d59eed3548573ce47ed603205ffd0735d1d78b5906/coverage-7.13.0-cp313-cp313t-manylinux2014_aarch64.manylinux_2_17_aarch64.manylinux_2_28_aarch64.whl", hash = "sha256:0602f701057c6823e5db1b74530ce85f17c3c5be5c85fc042ac939cbd909426e", size = 265125, upload-time = "2025-12-08T13:13:35.73Z" },
    { url = "https://files.pythonhosted.org/packages/ef/92/82b99223628b61300bd382c205795533bed021505eab6dd86e11fb5d7925/coverage-7.13.0-cp313-cp313t-manylinux_2_31_riscv64.manylinux_2_39_riscv64.whl", hash = "sha256:25dc33618d45456ccb1d37bce44bc78cf269909aa14c4db2e03d63146a8a1493", size = 259844, upload-time = "2025-12-08T13:13:37.69Z" },
    { url = "https://files.pythonhosted.org/packages/cf/2c/89b0291ae4e6cd59ef042708e1c438e2290f8c31959a20055d8768349ee2/coverage-7.13.0-cp313-cp313t-musllinux_1_2_aarch64.whl", hash = "sha256:71936a8b3b977ddd0b694c28c6a34f4fff2e9dd201969a4ff5d5fc7742d614b0", size = 262700, upload-time = "2025-12-08T13:13:39.525Z" },
    { url = "https://files.pythonhosted.org/packages/bf/f9/a5f992efae1996245e796bae34ceb942b05db275e4b34222a9a40b9fbd3b/coverage-7.13.0-cp313-cp313t-musllinux_1_2_i686.whl", hash = "sha256:936bc20503ce24770c71938d1369461f0c5320830800933bc3956e2a4ded930e", size = 260321, upload-time = "2025-12-08T13:13:41.172Z" },
    { url = "https://files.pythonhosted.org/packages/4c/89/a29f5d98c64fedbe32e2ac3c227fbf78edc01cc7572eee17d61024d89889/coverage-7.13.0-cp313-cp313t-musllinux_1_2_riscv64.whl", hash = "sha256:af0a583efaacc52ae2521f8d7910aff65cdb093091d76291ac5820d5e947fc1c", size = 259222, upload-time = "2025-12-08T13:13:43.282Z" },
    { url = "https://files.pythonhosted.org/packages/b3/c3/940fe447aae302a6701ee51e53af7e08b86ff6eed7631e5740c157ee22b9/coverage-7.13.0-cp313-cp313t-musllinux_1_2_x86_64.whl", hash = "sha256:f1c23e24a7000da892a312fb17e33c5f94f8b001de44b7cf8ba2e36fbd15859e", size = 261411, upload-time = "2025-12-08T13:13:44.72Z" },
    { url = "https://files.pythonhosted.org/packages/eb/31/12a4aec689cb942a89129587860ed4d0fd522d5fda81237147fde554b8ae/coverage-7.13.0-cp313-cp313t-win32.whl", hash = "sha256:5f8a0297355e652001015e93be345ee54393e45dc3050af4a0475c5a2b767d46", size = 221505, upload-time = "2025-12-08T13:13:46.332Z" },
    { url = "https://files.pythonhosted.org/packages/65/8c/3b5fe3259d863572d2b0827642c50c3855d26b3aefe80bdc9eba1f0af3b0/coverage-7.13.0-cp313-cp313t-win_amd64.whl", hash = "sha256:6abb3a4c52f05e08460bd9acf04fec027f8718ecaa0d09c40ffbc3fbd70ecc39", size = 222569, upload-time = "2025-12-08T13:13:47.79Z" },
    { url = "https://files.pythonhosted.org/packages/b0/39/f71fa8316a96ac72fc3908839df651e8eccee650001a17f2c78cdb355624/coverage-7.13.0-cp313-cp313t-win_arm64.whl", hash = "sha256:3ad968d1e3aa6ce5be295ab5fe3ae1bf5bb4769d0f98a80a0252d543a2ef2e9e", size = 220841, upload-time = "2025-12-08T13:13:49.243Z" },
    { url = "https://files.pythonhosted.org/packages/f8/4b/9b54bedda55421449811dcd5263a2798a63f48896c24dfb92b0f1b0845bd/coverage-7.13.0-cp314-cp314-macosx_10_15_x86_64.whl", hash = "sha256:453b7ec753cf5e4356e14fe858064e5520c460d3bbbcb9c35e55c0d21155c256", size = 218343, upload-time = "2025-12-08T13:13:50.811Z" },
    { url = "https://files.pythonhosted.org/packages/59/df/c3a1f34d4bba2e592c8979f924da4d3d4598b0df2392fbddb7761258e3dc/coverage-7.13.0-cp314-cp314-macosx_11_0_arm64.whl", hash = "sha256:af827b7cbb303e1befa6c4f94fd2bf72f108089cfa0f8abab8f4ca553cf5ca5a", size = 218672, upload-time = "2025-12-08T13:13:52.284Z" },
    { url = "https://files.pythonhosted.org/packages/07/62/eec0659e47857698645ff4e6ad02e30186eb8afd65214fd43f02a76537cb/coverage-7.13.0-cp314-cp314-manylinux1_i686.manylinux_2_28_i686.manylinux_2_5_i686.whl", hash = "sha256:9987a9e4f8197a1000280f7cc089e3ea2c8b3c0a64d750537809879a7b4ceaf9", size = 249715, upload-time = "2025-12-08T13:13:53.791Z" },
    { url = "https://files.pythonhosted.org/packages/23/2d/3c7ff8b2e0e634c1f58d095f071f52ed3c23ff25be524b0ccae8b71f99f8/coverage-7.13.0-cp314-cp314-manylinux1_x86_64.manylinux_2_28_x86_64.manylinux_2_5_x86_64.whl", hash = "sha256:3188936845cd0cb114fa6a51842a304cdbac2958145d03be2377ec41eb285d19", size = 252225, upload-time = "2025-12-08T13:13:55.274Z" },
    { url = "https://files.pythonhosted.org/packages/aa/ac/fb03b469d20e9c9a81093575003f959cf91a4a517b783aab090e4538764b/coverage-7.13.0-cp314-cp314-manylinux2014_aarch64.manylinux_2_17_aarch64.manylinux_2_28_aarch64.whl", hash = "sha256:a2bdb3babb74079f021696cb46b8bb5f5661165c385d3a238712b031a12355be", size = 253559, upload-time = "2025-12-08T13:13:57.161Z" },
    { url = "https://files.pythonhosted.org/packages/29/62/14afa9e792383c66cc0a3b872a06ded6e4ed1079c7d35de274f11d27064e/coverage-7.13.0-cp314-cp314-manylinux_2_31_riscv64.manylinux_2_39_riscv64.whl", hash = "sha256:7464663eaca6adba4175f6c19354feea61ebbdd735563a03d1e472c7072d27bb", size = 249724, upload-time = "2025-12-08T13:13:58.692Z" },
    { url = "https://files.pythonhosted.org/packages/31/b7/333f3dab2939070613696ab3ee91738950f0467778c6e5a5052e840646b7/coverage-7.13.0-cp314-cp314-musllinux_1_2_aarch64.whl", hash = "sha256:8069e831f205d2ff1f3d355e82f511eb7c5522d7d413f5db5756b772ec8697f8", size = 251582, upload-time = "2025-12-08T13:14:00.642Z" },
    { url = "https://files.pythonhosted.org/packages/81/cb/69162bda9381f39b2287265d7e29ee770f7c27c19f470164350a38318764/coverage-7.13.0-cp314-cp314-musllinux_1_2_i686.whl", hash = "sha256:6fb2d5d272341565f08e962cce14cdf843a08ac43bd621783527adb06b089c4b", size = 249538, upload-time = "2025-12-08T13:14:02.556Z" },
    { url = "https://files.pythonhosted.org/packages/e0/76/350387b56a30f4970abe32b90b2a434f87d29f8b7d4ae40d2e8a85aacfb3/coverage-7.13.0-cp314-cp314-musllinux_1_2_riscv64.whl", hash = "sha256:5e70f92ef89bac1ac8a99b3324923b4749f008fdbd7aa9cb35e01d7a284a04f9", size = 249349, upload-time = "2025-12-08T13:14:04.015Z" },
    { url = "https://files.pythonhosted.org/packages/86/0d/7f6c42b8d59f4c7e43ea3059f573c0dcfed98ba46eb43c68c69e52ae095c/coverage-7.13.0-cp314-cp314-musllinux_1_2_x86_64.whl", hash = "sha256:4b5de7d4583e60d5fd246dd57fcd3a8aa23c6e118a8c72b38adf666ba8e7e927", size = 251011, upload-time = "2025-12-08T13:14:05.505Z" },
    { url = "https://files.pythonhosted.org/packages/d7/f1/4bb2dff379721bb0b5c649d5c5eaf438462cad824acf32eb1b7ca0c7078e/coverage-7.13.0-cp314-cp314-win32.whl", hash = "sha256:a6c6e16b663be828a8f0b6c5027d36471d4a9f90d28444aa4ced4d48d7d6ae8f", size = 221091, upload-time = "2025-12-08T13:14:07.127Z" },
    { url = "https://files.pythonhosted.org/packages/ba/44/c239da52f373ce379c194b0ee3bcc121020e397242b85f99e0afc8615066/coverage-7.13.0-cp314-cp314-win_amd64.whl", hash = "sha256:0900872f2fdb3ee5646b557918d02279dc3af3dfb39029ac4e945458b13f73bc", size = 221904, upload-time = "2025-12-08T13:14:08.542Z" },
    { url = "https://files.pythonhosted.org/packages/89/1f/b9f04016d2a29c2e4a0307baefefad1a4ec5724946a2b3e482690486cade/coverage-7.13.0-cp314-cp314-win_arm64.whl", hash = "sha256:3a10260e6a152e5f03f26db4a407c4c62d3830b9af9b7c0450b183615f05d43b", size = 220480, upload-time = "2025-12-08T13:14:10.958Z" },
    { url = "https://files.pythonhosted.org/packages/16/d4/364a1439766c8e8647860584171c36010ca3226e6e45b1753b1b249c5161/coverage-7.13.0-cp314-cp314t-macosx_10_15_x86_64.whl", hash = "sha256:9097818b6cc1cfb5f174e3263eba4a62a17683bcfe5c4b5d07f4c97fa51fbf28", size = 219074, upload-time = "2025-12-08T13:14:13.345Z" },
    { url = "https://files.pythonhosted.org/packages/ce/f4/71ba8be63351e099911051b2089662c03d5671437a0ec2171823c8e03bec/coverage-7.13.0-cp314-cp314t-macosx_11_0_arm64.whl", hash = "sha256:0018f73dfb4301a89292c73be6ba5f58722ff79f51593352759c1790ded1cabe", size = 219342, upload-time = "2025-12-08T13:14:15.02Z" },
    { url = "https://files.pythonhosted.org/packages/5e/25/127d8ed03d7711a387d96f132589057213e3aef7475afdaa303412463f22/coverage-7.13.0-cp314-cp314t-manylinux1_i686.manylinux_2_28_i686.manylinux_2_5_i686.whl", hash = "sha256:166ad2a22ee770f5656e1257703139d3533b4a0b6909af67c6b4a3adc1c98657", size = 260713, upload-time = "2025-12-08T13:14:16.907Z" },
    { url = "https://files.pythonhosted.org/packages/fd/db/559fbb6def07d25b2243663b46ba9eb5a3c6586c0c6f4e62980a68f0ee1c/coverage-7.13.0-cp314-cp314t-manylinux1_x86_64.manylinux_2_28_x86_64.manylinux_2_5_x86_64.whl", hash = "sha256:f6aaef16d65d1787280943f1c8718dc32e9cf141014e4634d64446702d26e0ff", size = 262825, upload-time = "2025-12-08T13:14:18.68Z" },
    { url = "https://files.pythonhosted.org/packages/37/99/6ee5bf7eff884766edb43bd8736b5e1c5144d0fe47498c3779326fe75a35/coverage-7.13.0-cp314-cp314t-manylinux2014_aarch64.manylinux_2_17_aarch64.manylinux_2_28_aarch64.whl", hash = "sha256:e999e2dcc094002d6e2c7bbc1fb85b58ba4f465a760a8014d97619330cdbbbf3", size = 265233, upload-time = "2025-12-08T13:14:20.55Z" },
    { url = "https://files.pythonhosted.org/packages/d8/90/92f18fe0356ea69e1f98f688ed80cec39f44e9f09a1f26a1bbf017cc67f2/coverage-7.13.0-cp314-cp314t-manylinux_2_31_riscv64.manylinux_2_39_riscv64.whl", hash = "sha256:00c3d22cf6fb1cf3bf662aaaa4e563be8243a5ed2630339069799835a9cc7f9b", size = 259779, upload-time = "2025-12-08T13:14:22.367Z" },
    { url = "https://files.pythonhosted.org/packages/90/5d/b312a8b45b37a42ea7d27d7d3ff98ade3a6c892dd48d1d503e773503373f/coverage-7.13.0-cp314-cp314t-musllinux_1_2_aarch64.whl", hash = "sha256:22ccfe8d9bb0d6134892cbe1262493a8c70d736b9df930f3f3afae0fe3ac924d", size = 262700, upload-time = "2025-12-08T13:14:24.309Z" },
    { url = "https://files.pythonhosted.org/packages/63/f8/b1d0de5c39351eb71c366f872376d09386640840a2e09b0d03973d791e20/coverage-7.13.0-cp314-cp314t-musllinux_1_2_i686.whl", hash = "sha256:9372dff5ea15930fea0445eaf37bbbafbc771a49e70c0aeed8b4e2c2614cc00e", size = 260302, upload-time = "2025-12-08T13:14:26.068Z" },
    { url = "https://files.pythonhosted.org/packages/aa/7c/d42f4435bc40c55558b3109a39e2d456cddcec37434f62a1f1230991667a/coverage-7.13.0-cp314-cp314t-musllinux_1_2_riscv64.whl", hash = "sha256:69ac2c492918c2461bc6ace42d0479638e60719f2a4ef3f0815fa2df88e9f940", size = 259136, upload-time = "2025-12-08T13:14:27.604Z" },
    { url = "https://files.pythonhosted.org/packages/b8/d3/23413241dc04d47cfe19b9a65b32a2edd67ecd0b817400c2843ebc58c847/coverage-7.13.0-cp314-cp314t-musllinux_1_2_x86_64.whl", hash = "sha256:739c6c051a7540608d097b8e13c76cfa85263ced467168dc6b477bae3df7d0e2", size = 261467, upload-time = "2025-12-08T13:14:29.09Z" },
    { url = "https://files.pythonhosted.org/packages/13/e6/6e063174500eee216b96272c0d1847bf215926786f85c2bd024cf4d02d2f/coverage-7.13.0-cp314-cp314t-win32.whl", hash = "sha256:fe81055d8c6c9de76d60c94ddea73c290b416e061d40d542b24a5871bad498b7", size = 221875, upload-time = "2025-12-08T13:14:31.106Z" },
    { url = "https://files.pythonhosted.org/packages/3b/46/f4fb293e4cbe3620e3ac2a3e8fd566ed33affb5861a9b20e3dd6c1896cbc/coverage-7.13.0-cp314-cp314t-win_amd64.whl", hash = "sha256:445badb539005283825959ac9fa4a28f712c214b65af3a2c464f1adc90f5fcbc", size = 222982, upload-time = "2025-12-08T13:14:33.1Z" },
    { url = "https://files.pythonhosted.org/packages/68/62/5b3b9018215ed9733fbd1ae3b2ed75c5de62c3b55377a52cae732e1b7805/coverage-7.13.0-cp314-cp314t-win_arm64.whl", hash = "sha256:de7f6748b890708578fc4b7bb967d810aeb6fcc9bff4bb77dbca77dab2f9df6a", size = 221016, upload-time = "2025-12-08T13:14:34.601Z" },
    { url = "https://files.pythonhosted.org/packages/8d/4c/1968f32fb9a2604645827e11ff84a31e59d532e01995f904723b4f5328b3/coverage-7.13.0-py3-none-any.whl", hash = "sha256:850d2998f380b1e266459ca5b47bc9e7daf9af1d070f66317972f382d46f1904", size = 210068, upload-time = "2025-12-08T13:14:36.236Z" },
]

[[package]]
name = "gdl"
version = "0.1.0"
source = { editable = "." }

[package.dev-dependencies]
dev = [
    { name = "poethepoet" },
    { name = "pytest-cov" },
    { name = "ruff" },
    { name = "ty" },
]

[package.metadata]

[package.metadata.requires-dev]
dev = [
    { name = "poethepoet", specifier = ">=0.39.0" },
    { name = "pytest-cov", specifier = ">=7.0.0" },
    { name = "ruff", specifier = ">=0.14.14" },
    { name = "ty", specifier = ">=0.0.13" },
]

[[package]]
name = "iniconfig"
version = "2.3.0"
source = { registry = "https://pypi.org/simple" }
sdist = { url = "https://files.pythonhosted.org/packages/72/34/14ca021ce8e5dfedc35312d08ba8bf51fdd999c576889fc2c24cb97f4f10/iniconfig-2.3.0.tar.gz", hash = "sha256:c76315c77db068650d49c5b56314774a7804df16fee4402c1f19d6d15d8c4730", size = 20503, upload-time = "2025-10-18T21:55:43.219Z" }
wheels = [
    { url = "https://files.pythonhosted.org/packages/cb/b1/3846dd7f199d53cb17f49cba7e651e9ce294d8497c8c150530ed11865bb8/iniconfig-2.3.0-py3-none-any.whl", hash = "sha256:f631c04d2c48c52b84d0d0549c99ff3859c98df65b3101406327ecc7d53fbf12", size = 7484, upload-time = "2025-10-18T21:55:41.639Z" },
]

[[package]]
name = "packaging"
version = "25.0"
source = { registry = "https://pypi.org/simple" }
sdist = { url = "https://files.pythonhosted.org/packages/a1/d4/1fc4078c65507b51b96ca8f8c3ba19e6a61c8253c72794544580a7b6c24d/packaging-25.0.tar.gz", hash = "sha256:d443872c98d677bf60f6a1f2f8c1cb748e8fe762d2bf9d3148b5599295b0fc4f", size = 165727, upload-time = "2025-04-19T11:48:59.673Z" }
wheels = [
    { url = "https://files.pythonhosted.org/packages/20/12/38679034af332785aac8774540895e234f4d07f7545804097de4b666afd8/packaging-25.0-py3-none-any.whl", hash = "sha256:29572ef2b1f17581046b3a2227d5c611fb25ec70ca1ba8554b24b0e69331a484", size = 66469, upload-time = "2025-04-19T11:48:57.875Z" },
]

[[package]]
name = "pastel"
version = "0.2.1"
source = { registry = "https://pypi.org/simple" }
sdist = { url = "https://files.pythonhosted.org/packages/76/f1/4594f5e0fcddb6953e5b8fe00da8c317b8b41b547e2b3ae2da7512943c62/pastel-0.2.1.tar.gz", hash = "sha256:e6581ac04e973cac858828c6202c1e1e81fee1dc7de7683f3e1ffe0bfd8a573d", size = 7555, upload-time = "2020-09-16T19:21:12.43Z" }
wheels = [
    { url = "https://files.pythonhosted.org/packages/aa/18/a8444036c6dd65ba3624c63b734d3ba95ba63ace513078e1580590075d21/pastel-0.2.1-py2.py3-none-any.whl", hash = "sha256:4349225fcdf6c2bb34d483e523475de5bb04a5c10ef711263452cb37d7dd4364", size = 5955, upload-time = "2020-09-16T19:21:11.409Z" },
]

[[package]]
name = "pluggy"
version = "1.6.0"
source = { registry = "https://pypi.org/simple" }
sdist = { url = "https://files.pythonhosted.org/packages/f9/e2/3e91f31a7d2b083fe6ef3fa267035b518369d9511ffab804f839851d2779/pluggy-1.6.0.tar.gz", hash = "sha256:7dcc130b76258d33b90f61b658791dede3486c3e6bfb003ee5c9bfb396dd22f3", size = 69412, upload-time = "2025-05-15T12:30:07.975Z" }
wheels = [
    { url = "https://files.pythonhosted.org/packages/54/20/4d324d65cc6d9205fabedc306948156824eb9f0ee1633355a8f7ec5c66bf/pluggy-1.6.0-py3-none-any.whl", hash = "sha256:e920276dd6813095e9377c0bc5566d94c932c33b27a3e3945d8389c374dd4746", size = 20538, upload-time = "2025-05-15T12:30:06.134Z" },
]

[[package]]
name = "poethepoet"
version = "0.39.0"
source = { registry = "https://pypi.org/simple" }
dependencies = [
    { name = "pastel" },
    { name = "pyyaml" },
]
sdist = { url = "https://files.pythonhosted.org/packages/ec/f5/7561bc002bcd40c96633173fb2eb5daf2589dd4dfc4a2cb1b1a2cc6bb60f/poethepoet-0.39.0.tar.gz", hash = "sha256:85f279ffaf2a58ba31db2048ab897740d4db839233c3f28740cf0517b3367710", size = 79816, upload-time = "2025-12-25T15:10:57.799Z" }
wheels = [
    { url = "https://files.pythonhosted.org/packages/b2/18/9f356cdf243ca90a985f2e8e9eab938b1ddac461acfa6348db434ba70525/poethepoet-0.39.0-py3-none-any.whl", hash = "sha256:2865b04230df0fb43b6fb4f739c975b19be03d6db18f0ab760b3fb5c56b50b5c", size = 104763, upload-time = "2025-12-25T15:10:56.099Z" },
]

[[package]]
name = "pygments"
version = "2.19.2"
source = { registry = "https://pypi.org/simple" }
sdist = { url = "https://files.pythonhosted.org/packages/b0/77/a5b8c569bf593b0140bde72ea885a803b82086995367bf2037de0159d924/pygments-2.19.2.tar.gz", hash = "sha256:636cb2477cec7f8952536970bc533bc43743542f70392ae026374600add5b887", size = 4968631, upload-time = "2025-06-21T13:39:12.283Z" }
wheels = [
    { url = "https://files.pythonhosted.org/packages/c7/21/705964c7812476f378728bdf590ca4b771ec72385c533964653c68e86bdc/pygments-2.19.2-py3-none-any.whl", hash = "sha256:86540386c03d588bb81d44bc3928634ff26449851e99741617ecb9037ee5ec0b", size = 1225217, upload-time = "2025-06-21T13:39:07.939Z" },
]

[[package]]
name = "pytest"
version = "9.0.2"
source = { registry = "https://pypi.org/simple" }
dependencies = [
    { name = "colorama", marker = "sys_platform == 'win32'" },
    { name = "iniconfig" },
    { name = "packaging" },
    { name = "pluggy" },
    { name = "pygments" },
]
sdist = { url = "https://files.pythonhosted.org/packages/d1/db/7ef3487e0fb0049ddb5ce41d3a49c235bf9ad299b6a25d5780a89f19230f/pytest-9.0.2.tar.gz", hash = "sha256:75186651a92bd89611d1d9fc20f0b4345fd827c41ccd5c299a868a05d70edf11", size = 1568901, upload-time = "2025-12-06T21:30:51.014Z" }
wheels = [
    { url = "https://files.pythonhosted.org/packages/3b/ab/b3226f0bd7cdcf710fbede2b3548584366da3b19b5021e74f5bde2a8fa3f/pytest-9.0.2-py3-none-any.whl", hash = "sha256:711ffd45bf766d5264d487b917733b453d917afd2b0ad65223959f59089f875b", size = 374801, upload-time = "2025-12-06T21:30:49.154Z" },
]

[[package]]
name = "pytest-cov"
version = "7.0.0"
source = { registry = "https://pypi.org/simple" }
dependencies = [
    { name = "coverage" },
    { name = "pluggy" },
    { name = "pytest" },
]
sdist = { url = "https://files.pythonhosted.org/packages/5e/f7/c933acc76f5208b3b00089573cf6a2bc26dc80a8aece8f52bb7d6b1855ca/pytest_cov-7.0.0.tar.gz", hash = "sha256:33c97eda2e049a0c5298e91f519302a1334c26ac65c1a483d6206fd458361af1", size = 54328, upload-time = "2025-09-09T10:57:02.113Z" }
wheels = [
    { url = "https://files.pythonhosted.org/packages/ee/49/1377b49de7d0c1ce41292161ea0f721913fa8722c19fb9c1e3aa0367eecb/pytest_cov-7.0.0-py3-none-any.whl", hash = "sha256:3b8e9558b16cc1479da72058bdecf8073661c7f57f7d3c5f22a1c23507f2d861", size = 22424, upload-time = "2025-09-09T10:57:00.695Z" },
]

[[package]]
name = "pyyaml"
version = "6.0.3"
source = { registry = "https://pypi.org/simple" }
sdist = { url = "https://files.pythonhosted.org/packages/05/8e/961c0007c59b8dd7729d542c61a4d537767a59645b82a0b521206e1e25c2/pyyaml-6.0.3.tar.gz", hash = "sha256:d76623373421df22fb4cf8817020cbb7ef15c725b9d5e45f17e189bfc384190f", size = 130960, upload-time = "2025-09-25T21:33:16.546Z" }
wheels = [
    { url = "https://files.pythonhosted.org/packages/d1/11/0fd08f8192109f7169db964b5707a2f1e8b745d4e239b784a5a1dd80d1db/pyyaml-6.0.3-cp313-cp313-macosx_10_13_x86_64.whl", hash = "sha256:8da9669d359f02c0b91ccc01cac4a67f16afec0dac22c2ad09f46bee0697eba8", size = 181669, upload-time = "2025-09-25T21:32:23.673Z" },
    { url = "https://files.pythonhosted.org/packages/b1/16/95309993f1d3748cd644e02e38b75d50cbc0d9561d21f390a76242ce073f/pyyaml-6.0.3-cp313-cp313-macosx_11_0_arm64.whl", hash = "sha256:2283a07e2c21a2aa78d9c4442724ec1eb15f5e42a723b99cb3d822d48f5f7ad1", size = 173252, upload-time = "2025-09-25T21:32:25.149Z" },
    { url = "https://files.pythonhosted.org/packages/50/31/b20f376d3f810b9b2371e72ef5adb33879b25edb7a6d072cb7ca0c486398/pyyaml-6.0.3-cp313-cp313-manylinux2014_aarch64.manylinux_2_17_aarch64.manylinux_2_28_aarch64.whl", hash = "sha256:ee2922902c45ae8ccada2c5b501ab86c36525b883eff4255313a253a3160861c", size = 767081, upload-time = "2025-09-25T21:32:26.575Z" },
    { url = "https://files.pythonhosted.org/packages/49/1e/a55ca81e949270d5d4432fbbd19dfea5321eda7c41a849d443dc92fd1ff7/pyyaml-6.0.3-cp313-cp313-manylinux2014_s390x.manylinux_2_17_s390x.manylinux_2_28_s390x.whl", hash = "sha256:a33284e20b78bd4a18c8c2282d549d10bc8408a2a7ff57653c0cf0b9be0afce5", size = 841159, upload-time = "2025-09-25T21:32:27.727Z" },
    { url = "https://files.pythonhosted.org/packages/74/27/e5b8f34d02d9995b80abcef563ea1f8b56d20134d8f4e5e81733b1feceb2/pyyaml-6.0.3-cp313-cp313-manylinux2014_x86_64.manylinux_2_17_x86_64.manylinux_2_28_x86_64.whl", hash = "sha256:0f29edc409a6392443abf94b9cf89ce99889a1dd5376d94316ae5145dfedd5d6", size = 801626, upload-time = "2025-09-25T21:32:28.878Z" },
    { url = "https://files.pythonhosted.org/packages/f9/11/ba845c23988798f40e52ba45f34849aa8a1f2d4af4b798588010792ebad6/pyyaml-6.0.3-cp313-cp313-musllinux_1_2_aarch64.whl", hash = "sha256:f7057c9a337546edc7973c0d3ba84ddcdf0daa14533c2065749c9075001090e6", size = 753613, upload-time = "2025-09-25T21:32:30.178Z" },
    { url = "https://files.pythonhosted.org/packages/3d/e0/7966e1a7bfc0a45bf0a7fb6b98ea03fc9b8d84fa7f2229e9659680b69ee3/pyyaml-6.0.3-cp313-cp313-musllinux_1_2_x86_64.whl", hash = "sha256:eda16858a3cab07b80edaf74336ece1f986ba330fdb8ee0d6c0d68fe82bc96be", size = 794115, upload-time = "2025-09-25T21:32:31.353Z" },
    { url = "https://files.pythonhosted.org/packages/de/94/980b50a6531b3019e45ddeada0626d45fa85cbe22300844a7983285bed3b/pyyaml-6.0.3-cp313-cp313-win32.whl", hash = "sha256:d0eae10f8159e8fdad514efdc92d74fd8d682c933a6dd088030f3834bc8e6b26", size = 137427, upload-time = "2025-09-25T21:32:32.58Z" },
    { url = "https://files.pythonhosted.org/packages/97/c9/39d5b874e8b28845e4ec2202b5da735d0199dbe5b8fb85f91398814a9a46/pyyaml-6.0.3-cp313-cp313-win_amd64.whl", hash = "sha256:79005a0d97d5ddabfeeea4cf676af11e647e41d81c9a7722a193022accdb6b7c", size = 154090, upload-time = "2025-09-25T21:32:33.659Z" },
    { url = "https://files.pythonhosted.org/packages/73/e8/2bdf3ca2090f68bb3d75b44da7bbc71843b19c9f2b9cb9b0f4ab7a5a4329/pyyaml-6.0.3-cp313-cp313-win_arm64.whl", hash = "sha256:5498cd1645aa724a7c71c8f378eb29ebe23da2fc0d7a08071d89469bf1d2defb", size = 140246, upload-time = "2025-09-25T21:32:34.663Z" },
    { url = "https://files.pythonhosted.org/packages/9d/8c/f4bd7f6465179953d3ac9bc44ac1a8a3e6122cf8ada906b4f96c60172d43/pyyaml-6.0.3-cp314-cp314-macosx_10_13_x86_64.whl", hash = "sha256:8d1fab6bb153a416f9aeb4b8763bc0f22a5586065f86f7664fc23339fc1c1fac", size = 181814, upload-time = "2025-09-25T21:32:35.712Z" },
    { url = "https://files.pythonhosted.org/packages/bd/9c/4d95bb87eb2063d20db7b60faa3840c1b18025517ae857371c4dd55a6b3a/pyyaml-6.0.3-cp314-cp314-macosx_11_0_arm64.whl", hash = "sha256:34d5fcd24b8445fadc33f9cf348c1047101756fd760b4dacb5c3e99755703310", size = 173809, upload-time = "2025-09-25T21:32:36.789Z" },
    { url = "https://files.pythonhosted.org/packages/92/b5/47e807c2623074914e29dabd16cbbdd4bf5e9b2db9f8090fa64411fc5382/pyyaml-6.0.3-cp314-cp314-manylinux2014_aarch64.manylinux_2_17_aarch64.manylinux_2_28_aarch64.whl", hash = "sha256:501a031947e3a9025ed4405a168e6ef5ae3126c59f90ce0cd6f2bfc477be31b7", size = 766454, upload-time = "2025-09-25T21:32:37.966Z" },
    { url = "https://files.pythonhosted.org/packages/02/9e/e5e9b168be58564121efb3de6859c452fccde0ab093d8438905899a3a483/pyyaml-6.0.3-cp314-cp314-manylinux2014_s390x.manylinux_2_17_s390x.manylinux_2_28_s390x.whl", hash = "sha256:b3bc83488de33889877a0f2543ade9f70c67d66d9ebb4ac959502e12de895788", size = 836355, upload-time = "2025-09-25T21:32:39.178Z" },
    { url = "https://files.pythonhosted.org/packages/88/f9/16491d7ed2a919954993e48aa941b200f38040928474c9e85ea9e64222c3/pyyaml-6.0.3-cp314-cp314-manylinux2014_x86_64.manylinux_2_17_x86_64.manylinux_2_28_x86_64.whl", hash = "sha256:c458b6d084f9b935061bc36216e8a69a7e293a2f1e68bf956dcd9e6cbcd143f5", size = 794175, upload-time = "2025-09-25T21:32:40.865Z" },
    { url = "https://files.pythonhosted.org/packages/dd/3f/5989debef34dc6397317802b527dbbafb2b4760878a53d4166579111411e/pyyaml-6.0.3-cp314-cp314-musllinux_1_2_aarch64.whl", hash = "sha256:7c6610def4f163542a622a73fb39f534f8c101d690126992300bf3207eab9764", size = 755228, upload-time = "2025-09-25T21:32:42.084Z" },
    { url = "https://files.pythonhosted.org/packages/d7/ce/af88a49043cd2e265be63d083fc75b27b6ed062f5f9fd6cdc223ad62f03e/pyyaml-6.0.3-cp314-cp314-musllinux_1_2_x86_64.whl", hash = "sha256:5190d403f121660ce8d1d2c1bb2ef1bd05b5f68533fc5c2ea899bd15f4399b35", size = 789194, upload-time = "2025-09-25T21:32:43.362Z" },
    { url = "https://files.pythonhosted.org/packages/23/20/bb6982b26a40bb43951265ba29d4c246ef0ff59c9fdcdf0ed04e0687de4d/pyyaml-6.0.3-cp314-cp314-win_amd64.whl", hash = "sha256:4a2e8cebe2ff6ab7d1050ecd59c25d4c8bd7e6f400f5f82b96557ac0abafd0ac", size = 156429, upload-time = "2025-09-25T21:32:57.844Z" },
    { url = "https://files.pythonhosted.org/packages/f4/f4/a4541072bb9422c8a883ab55255f918fa378ecf083f5b85e87fc2b4eda1b/pyyaml-6.0.3-cp314-cp314-win_arm64.whl", hash = "sha256:93dda82c9c22deb0a405ea4dc5f2d0cda384168e466364dec6255b293923b2f3", size = 143912, upload-time = "2025-09-25T21:32:59.247Z" },
    { url = "https://files.pythonhosted.org/packages/7c/f9/07dd09ae774e4616edf6cda684ee78f97777bdd15847253637a6f052a62f/pyyaml-6.0.3-cp314-cp314t-macosx_10_13_x86_64.whl", hash = "sha256:02893d100e99e03eda1c8fd5c441d8c60103fd175728e23e431db1b589cf5ab3", size = 189108, upload-time = "2025-09-25T21:32:44.377Z" },
    { url = "https://files.pythonhosted.org/packages/4e/78/8d08c9fb7ce09ad8c38ad533c1191cf27f7ae1effe5bb9400a46d9437fcf/pyyaml-6.0.3-cp314-cp314t-macosx_11_0_arm64.whl", hash = "sha256:c1ff362665ae507275af2853520967820d9124984e0f7466736aea23d8611fba", size = 183641, upload-time = "2025-09-25T21:32:45.407Z" },
    { url = "https://files.pythonhosted.org/packages/7b/5b/3babb19104a46945cf816d047db2788bcaf8c94527a805610b0289a01c6b/pyyaml-6.0.3-cp314-cp314t-manylinux2014_aarch64.manylinux_2_17_aarch64.manylinux_2_28_aarch64.whl", hash = "sha256:6adc77889b628398debc7b65c073bcb99c4a0237b248cacaf3fe8a557563ef6c", size = 831901, upload-time = "2025-09-25T21:32:48.83Z" },
    { url = "https://files.pythonhosted.org/packages/8b/cc/dff0684d8dc44da4d22a13f35f073d558c268780ce3c6ba1b87055bb0b87/pyyaml-6.0.3-cp314-cp314t-manylinux2014_s390x.manylinux_2_17_s390x.manylinux_2_28_s390x.whl", hash = "sha256:a80cb027f6b349846a3bf6d73b5e95e782175e52f22108cfa17876aaeff93702", size = 861132, upload-time = "2025-09-25T21:32:50.149Z" },
    { url = "https://files.pythonhosted.org/packages/b1/5e/f77dc6b9036943e285ba76b49e118d9ea929885becb0a29ba8a7c75e29fe/pyyaml-6.0.3-cp314-cp314t-manylinux2014_x86_64.manylinux_2_17_x86_64.manylinux_2_28_x86_64.whl", hash = "sha256:00c4bdeba853cc34e7dd471f16b4114f4162dc03e6b7afcc2128711f0eca823c", size = 839261, upload-time = "2025-09-25T21:32:51.808Z" },
    { url = "https://files.pythonhosted.org/packages/ce/88/a9db1376aa2a228197c58b37302f284b5617f56a5d959fd1763fb1675ce6/pyyaml-6.0.3-cp314-cp314t-musllinux_1_2_aarch64.whl", hash = "sha256:66e1674c3ef6f541c35191caae2d429b967b99e02040f5ba928632d9a7f0f065", size = 805272, upload-time = "2025-09-25T21:32:52.941Z" },
    { url = "https://files.pythonhosted.org/packages/da/92/1446574745d74df0c92e6aa4a7b0b3130706a4142b2d1a5869f2eaa423c6/pyyaml-6.0.3-cp314-cp314t-musllinux_1_2_x86_64.whl", hash = "sha256:16249ee61e95f858e83976573de0f5b2893b3677ba71c9dd36b9cf8be9ac6d65", size = 829923, upload-time = "2025-09-25T21:32:54.537Z" },
    { url = "https://files.pythonhosted.org/packages/f0/7a/1c7270340330e575b92f397352af856a8c06f230aa3e76f86b39d01b416a/pyyaml-6.0.3-cp314-cp314t-win_amd64.whl", hash = "sha256:4ad1906908f2f5ae4e5a8ddfce73c320c2a1429ec52eafd27138b7f1cbe341c9", size = 174062, upload-time = "2025-09-25T21:32:55.767Z" },
    { url = "https://files.pythonhosted.org/packages/f1/12/de94a39c2ef588c7e6455cfbe7343d3b2dc9d6b6b2f40c4c6565744c873d/pyyaml-6.0.3-cp314-cp314t-win_arm64.whl", hash = "sha256:ebc55a14a21cb14062aa4162f906cd962b28e2e9ea38f9b4391244cd8de4ae0b", size = 149341, upload-time = "2025-09-25T21:32:56.828Z" },
]

[[package]]
name = "ruff"
version = "0.14.14"
source = { registry = "https://pypi.org/simple" }
sdist = { url = "https://files.pythonhosted.org/packages/2e/06/f71e3a86b2df0dfa2d2f72195941cd09b44f87711cb7fa5193732cb9a5fc/ruff-0.14.14.tar.gz", hash = "sha256:2d0f819c9a90205f3a867dbbd0be083bee9912e170fd7d9704cc8ae45824896b", size = 4515732, upload-time = "2026-01-22T22:30:17.527Z" }
wheels = [
    { url = "https://files.pythonhosted.org/packages/d2/89/20a12e97bc6b9f9f68343952da08a8099c57237aef953a56b82711d55edd/ruff-0.14.14-py3-none-linux_armv6l.whl", hash = "sha256:7cfe36b56e8489dee8fbc777c61959f60ec0f1f11817e8f2415f429552846aed", size = 10467650, upload-time = "2026-01-22T22:30:08.578Z" },
    { url = "https://files.pythonhosted.org/packages/a3/b1/c5de3fd2d5a831fcae21beda5e3589c0ba67eec8202e992388e4b17a6040/ruff-0.14.14-py3-none-macosx_10_12_x86_64.whl", hash = "sha256:6006a0082336e7920b9573ef8a7f52eec837add1265cc74e04ea8a4368cd704c", size = 10883245, upload-time = "2026-01-22T22:30:04.155Z" },
    { url = "https://files.pythonhosted.org/packages/b8/7c/3c1db59a10e7490f8f6f8559d1db8636cbb13dccebf18686f4e3c9d7c772/ruff-0.14.14-py3-none-macosx_11_0_arm64.whl", hash = "sha256:026c1d25996818f0bf498636686199d9bd0d9d6341c9c2c3b62e2a0198b758de", size = 10231273, upload-time = "2026-01-22T22:30:34.642Z" },
    { url = "https://files.pythonhosted.org/packages/a1/6e/5e0e0d9674be0f8581d1f5e0f0a04761203affce3232c1a1189d0e3b4dad/ruff-0.14.14-py3-none-manylinux_2_17_aarch64.manylinux2014_aarch64.whl", hash = "sha256:f666445819d31210b71e0a6d1c01e24447a20b85458eea25a25fe8142210ae0e", size = 10585753, upload-time = "2026-01-22T22:30:31.781Z" },
    { url = "https://files.pythonhosted.org/packages/23/09/754ab09f46ff1884d422dc26d59ba18b4e5d355be147721bb2518aa2a014/ruff-0.14.14-py3-none-manylinux_2_17_armv7l.manylinux2014_armv7l.whl", hash = "sha256:3c0f18b922c6d2ff9a5e6c3ee16259adc513ca775bcf82c67ebab7cbd9da5bc8", size = 10286052, upload-time = "2026-01-22T22:30:24.827Z" },
    { url = "https://files.pythonhosted.org/packages/c8/cc/e71f88dd2a12afb5f50733851729d6b571a7c3a35bfdb16c3035132675a0/ruff-0.14.14-py3-none-manylinux_2_17_i686.manylinux2014_i686.whl", hash = "sha256:1629e67489c2dea43e8658c3dba659edbfd87361624b4040d1df04c9740ae906", size = 11043637, upload-time = "2026-01-22T22:30:13.239Z" },
    { url = "https://files.pythonhosted.org/packages/67/b2/397245026352494497dac935d7f00f1468c03a23a0c5db6ad8fc49ca3fb2/ruff-0.14.14-py3-none-manylinux_2_17_ppc64.manylinux2014_ppc64.whl", hash = "sha256:27493a2131ea0f899057d49d303e4292b2cae2bb57253c1ed1f256fbcd1da480", size = 12194761, upload-time = "2026-01-22T22:30:22.542Z" },
    { url = "https://files.pythonhosted.org/packages/5b/06/06ef271459f778323112c51b7587ce85230785cd64e91772034ddb88f200/ruff-0.14.14-py3-none-manylinux_2_17_ppc64le.manylinux2014_ppc64le.whl", hash = "sha256:01ff589aab3f5b539e35db38425da31a57521efd1e4ad1ae08fc34dbe30bd7df", size = 12005701, upload-time = "2026-01-22T22:30:20.499Z" },
    { url = "https://files.pythonhosted.org/packages/41/d6/99364514541cf811ccc5ac44362f88df66373e9fec1b9d1c4cc830593fe7/ruff-0.14.14-py3-none-manylinux_2_17_s390x.manylinux2014_s390x.whl", hash = "sha256:1cc12d74eef0f29f51775f5b755913eb523546b88e2d733e1d701fe65144e89b", size = 11282455, upload-time = "2026-01-22T22:29:59.679Z" },
    { url = "https://files.pythonhosted.org/packages/ca/71/37daa46f89475f8582b7762ecd2722492df26421714a33e72ccc9a84d7a5/ruff-0.14.14-py3-none-manylinux_2_17_x86_64.manylinux2014_x86_64.whl", hash = "sha256:bb8481604b7a9e75eff53772496201690ce2687067e038b3cc31aaf16aa0b974", size = 11215882, upload-time = "2026-01-22T22:29:57.032Z" },
    { url = "https://files.pythonhosted.org/packages/2c/10/a31f86169ec91c0705e618443ee74ede0bdd94da0a57b28e72db68b2dbac/ruff-0.14.14-py3-none-manylinux_2_31_riscv64.whl", hash = "sha256:14649acb1cf7b5d2d283ebd2f58d56b75836ed8c6f329664fa91cdea19e76e66", size = 11180549, upload-time = "2026-01-22T22:30:27.175Z" },
    { url = "https://files.pythonhosted.org/packages/fd/1e/c723f20536b5163adf79bdd10c5f093414293cdf567eed9bdb7b83940f3f/ruff-0.14.14-py3-none-musllinux_1_2_aarch64.whl", hash = "sha256:e8058d2145566510790eab4e2fad186002e288dec5e0d343a92fe7b0bc1b3e13", size = 10543416, upload-time = "2026-01-22T22:30:01.964Z" },
    { url = "https://files.pythonhosted.org/packages/3e/34/8a84cea7e42c2d94ba5bde1d7a4fae164d6318f13f933d92da6d7c2041ff/ruff-0.14.14-py3-none-musllinux_1_2_armv7l.whl", hash = "sha256:e651e977a79e4c758eb807f0481d673a67ffe53cfa92209781dfa3a996cf8412", size = 10285491, upload-time = "2026-01-22T22:30:29.51Z" },
    { url = "https://files.pythonhosted.org/packages/55/ef/b7c5ea0be82518906c978e365e56a77f8de7678c8bb6651ccfbdc178c29f/ruff-0.14.14-py3-none-musllinux_1_2_i686.whl", hash = "sha256:cc8b22da8d9d6fdd844a68ae937e2a0adf9b16514e9a97cc60355e2d4b219fc3", size = 10733525, upload-time = "2026-01-22T22:30:06.499Z" },
    { url = "https://files.pythonhosted.org/packages/6a/5b/aaf1dfbcc53a2811f6cc0a1759de24e4b03e02ba8762daabd9b6bd8c59e3/ruff-0.14.14-py3-none-musllinux_1_2_x86_64.whl", hash = "sha256:16bc890fb4cc9781bb05beb5ab4cd51be9e7cb376bf1dd3580512b24eb3fda2b", size = 11315626, upload-time = "2026-01-22T22:30:36.848Z" },
    { url = "https://files.pythonhosted.org/packages/2c/aa/9f89c719c467dfaf8ad799b9bae0df494513fb21d31a6059cb5870e57e74/ruff-0.14.14-py3-none-win32.whl", hash = "sha256:b530c191970b143375b6a68e6f743800b2b786bbcf03a7965b06c4bf04568167", size = 10502442, upload-time = "2026-01-22T22:30:38.93Z" },
    { url = "https://files.pythonhosted.org/packages/87/44/90fa543014c45560cae1fffc63ea059fb3575ee6e1cb654562197e5d16fb/ruff-0.14.14-py3-none-win_amd64.whl", hash = "sha256:3dde1435e6b6fe5b66506c1dff67a421d0b7f6488d466f651c07f4cab3bf20fd", size = 11630486, upload-time = "2026-01-22T22:30:10.852Z" },
    { url = "https://files.pythonhosted.org/packages/9e/6a/40fee331a52339926a92e17ae748827270b288a35ef4a15c9c8f2ec54715/ruff-0.14.14-py3-none-win_arm64.whl", hash = "sha256:56e6981a98b13a32236a72a8da421d7839221fa308b223b9283312312e5ac76c", size = 10920448, upload-time = "2026-01-22T22:30:15.417Z" },
]

[[package]]
name = "ty"
version = "0.0.13"
source = { registry = "https://pypi.org/simple" }
sdist = { url = "https://files.pythonhosted.org/packages/5a/dc/b607f00916f5a7c52860b84a66dc17bc6988e8445e96b1d6e175a3837397/ty-0.0.13.tar.gz", hash = "sha256:7a1d135a400ca076407ea30012d1f75419634160ed3b9cad96607bf2956b23b3", size = 4999183, upload-time = "2026-01-21T13:21:16.133Z" }
wheels = [
    { url = "https://files.pythonhosted.org/packages/1a/df/3632f1918f4c0a33184f107efc5d436ab6da147fd3d3b94b3af6461efbf4/ty-0.0.13-py3-none-linux_armv6l.whl", hash = "sha256:1b2b8e02697c3a94c722957d712a0615bcc317c9b9497be116ef746615d892f2", size = 9993501, upload-time = "2026-01-21T13:21:26.628Z" },
    { url = "https://files.pythonhosted.org/packages/92/87/6a473ced5ac280c6ce5b1627c71a8a695c64481b99aabc798718376a441e/ty-0.0.13-py3-none-macosx_10_12_x86_64.whl", hash = "sha256:f15cdb8e233e2b5adfce673bb21f4c5e8eaf3334842f7eea3c70ac6fda8c1de5", size = 9860986, upload-time = "2026-01-21T13:21:24.425Z" },
    { url = "https://files.pythonhosted.org/packages/5d/9b/d89ae375cf0a7cd9360e1164ce017f8c753759be63b6a11ed4c944abe8c6/ty-0.0.13-py3-none-macosx_11_0_arm64.whl", hash = "sha256:0819e89ac9f0d8af7a062837ce197f0461fee2fc14fd07e2c368780d3a397b73", size = 9350748, upload-time = "2026-01-21T13:21:28.502Z" },
    { url = "https://files.pythonhosted.org/packages/a8/a6/9ad58518056fab344b20c0bb2c1911936ebe195318e8acc3bc45ac1c6b6b/ty-0.0.13-py3-none-manylinux_2_17_aarch64.manylinux2014_aarch64.whl", hash = "sha256:1de79f481084b7cc7a202ba0d7a75e10970d10ffa4f025b23f2e6b7324b74886", size = 9849884, upload-time = "2026-01-21T13:21:21.886Z" },
    { url = "https://files.pythonhosted.org/packages/b1/c3/8add69095fa179f523d9e9afcc15a00818af0a37f2b237a9b59bc0046c34/ty-0.0.13-py3-none-manylinux_2_17_armv7l.manylinux2014_armv7l.whl", hash = "sha256:4fb2154cff7c6e95d46bfaba283c60642616f20d73e5f96d0c89c269f3e1bcec", size = 9822975, upload-time = "2026-01-21T13:21:14.292Z" },
    { url = "https://files.pythonhosted.org/packages/a4/05/4c0927c68a0a6d43fb02f3f0b6c19c64e3461dc8ed6c404dde0efb8058f7/ty-0.0.13-py3-none-manylinux_2_17_i686.manylinux2014_i686.whl", hash = "sha256:00be58d89337c27968a20d58ca553458608c5b634170e2bec82824c2e4cf4d96", size = 10294045, upload-time = "2026-01-21T13:21:30.505Z" },
    { url = "https://files.pythonhosted.org/packages/b4/86/6dc190838aba967557fe0bfd494c595d00b5081315a98aaf60c0e632aaeb/ty-0.0.13-py3-none-manylinux_2_17_ppc64le.manylinux2014_ppc64le.whl", hash = "sha256:72435eade1fa58c6218abb4340f43a6c3ff856ae2dc5722a247d3a6dd32e9737", size = 10916460, upload-time = "2026-01-21T13:21:07.788Z" },
    { url = "https://files.pythonhosted.org/packages/04/40/9ead96b7c122e1109dfcd11671184c3506996bf6a649306ec427e81d9544/ty-0.0.13-py3-none-manylinux_2_17_s390x.manylinux2014_s390x.whl", hash = "sha256:77a548742ee8f621d718159e7027c3b555051d096a49bb580249a6c5fc86c271", size = 10597154, upload-time = "2026-01-21T13:21:18.064Z" },
    { url = "https://files.pythonhosted.org/packages/aa/7d/e832a2c081d2be845dc6972d0c7998914d168ccbc0b9c86794419ab7376e/ty-0.0.13-py3-none-manylinux_2_17_x86_64.manylinux2014_x86_64.whl", hash = "sha256:da067c57c289b7cf914669704b552b6207c2cc7f50da4118c3e12388642e6b3f", size = 10410710, upload-time = "2026-01-21T13:21:12.388Z" },
    { url = "https://files.pythonhosted.org/packages/31/e3/898be3a96237a32f05c4c29b43594dc3b46e0eedfe8243058e46153b324f/ty-0.0.13-py3-none-musllinux_1_2_aarch64.whl", hash = "sha256:d1b50a01fffa140417fca5a24b658fbe0734074a095d5b6f0552484724474343", size = 9826299, upload-time = "2026-01-21T13:21:00.845Z" },
    { url = "https://files.pythonhosted.org/packages/bb/eb/db2d852ce0ed742505ff18ee10d7d252f3acfd6fc60eca7e9c7a0288a6d8/ty-0.0.13-py3-none-musllinux_1_2_armv7l.whl", hash = "sha256:0f33c46f52e5e9378378eca0d8059f026f3c8073ace02f7f2e8d079ddfe5207e", size = 9831610, upload-time = "2026-01-21T13:21:05.842Z" },
    { url = "https://files.pythonhosted.org/packages/9e/61/149f59c8abaddcbcbb0bd13b89c7741ae1c637823c5cf92ed2c644fcadef/ty-0.0.13-py3-none-musllinux_1_2_i686.whl", hash = "sha256:168eda24d9a0b202cf3758c2962cc295878842042b7eca9ed2965259f59ce9f2", size = 9978885, upload-time = "2026-01-21T13:21:10.306Z" },
    { url = "https://files.pythonhosted.org/packages/a0/cd/026d4e4af60a80918a8d73d2c42b8262dd43ab2fa7b28d9743004cb88d57/ty-0.0.13-py3-none-musllinux_1_2_x86_64.whl", hash = "sha256:d4917678b95dc8cb399cc459fab568ba8d5f0f33b7a94bf840d9733043c43f29", size = 10506453, upload-time = "2026-01-21T13:20:56.633Z" },
    { url = "https://files.pythonhosted.org/packages/63/06/8932833a4eca2df49c997a29afb26721612de8078ae79074c8fe87e17516/ty-0.0.13-py3-none-win32.whl", hash = "sha256:c1f2ec40daa405508b053e5b8e440fbae5fdb85c69c9ab0ee078f8bc00eeec3d", size = 9433482, upload-time = "2026-01-21T13:20:58.717Z" },
    { url = "https://files.pythonhosted.org/packages/aa/fd/e8d972d1a69df25c2cecb20ea50e49ad5f27a06f55f1f5f399a563e71645/ty-0.0.13-py3-none-win_amd64.whl", hash = "sha256:8b7b1ab9f187affbceff89d51076038363b14113be29bda2ddfa17116de1d476", size = 10319156, upload-time = "2026-01-21T13:21:03.266Z" },
    { url = "https://files.pythonhosted.org/packages/2d/c2/05fdd64ac003a560d4fbd1faa7d9a31d75df8f901675e5bed1ee2ceeff87/ty-0.0.13-py3-none-win_arm64.whl", hash = "sha256:1c9630333497c77bb9bcabba42971b96ee1f36c601dd3dcac66b4134f9fa38f0", size = 9808316, upload-time = "2026-01-21T13:20:54.053Z" },
]
